
Microsoft Visual Studio Solution File, Format Version 12.00
Project("{FAE04EC0-301F-11D3-BF4B-00C04F79EFBC}") = "BOSSMONSTER", "BOSSMONSTER\BOSSMONSTER.csproj", "{18ABA6CB-6BF8-4A35-B59D-4E401D804F4F}"
EndProject
Global
	GlobalSection(SolutionConfigurationPlatforms) = preSolution
		Debug|Any CPU = Debug|Any CPU
		Release|Any CPU = Release|Any CPU
	EndGlobalSection
	GlobalSection(ProjectConfigurationPlatforms) = postSolution
		{18ABA6CB-6BF8-4A35-B59D-4E401D804F4F}.Debug|Any CPU.ActiveCfg = Debug|Any CPU
		{18ABA6CB-6BF8-4A35-B59D-4E401D804F4F}.Debug|Any CPU.Build.0 = Debug|Any CPU
		{18ABA6CB-6BF8-4A35-B59D-4E401D804F4F}.Release|Any CPU.ActiveCfg = Release|Any CPU
		{18ABA6CB-6BF8-4A35-B59D-4E401D804F4F}.Release|Any CPU.Build.0 = Release|Any CPU
	EndGlobalSection
EndGlobal
